{
  "version": 4,
  "terraform_version": "1.5.7",
  "serial": 3,
  "lineage": "c7f941d7-1c09-2cd8-6fdf-eeb93ef15698",
  "outputs": {},
  "resources": [
    {
      "mode": "data",
      "type": "aws_elastic_beanstalk_solution_stack",
      "name": "docker_stack",
      "provider": "provider[\"registry.terraform.io/hashicorp/aws\"]",
      "instances": [
        {
          "schema_version": 0,
          "attributes": {
            "id": "64bit Amazon Linux 2 v4.3.4 running Docker",
            "most_recent": true,
            "name": "64bit Amazon Linux 2 v4.3.4 running Docker",
            "name_regex": "^64bit Amazon Linux 2.*running Docker$"
          },
          "sensitive_attributes": []
        }
      ]
    },
    {
      "mode": "managed",
      "type": "aws_elastic_beanstalk_application",
      "name": "sentiment_app",
      "provider": "provider[\"registry.terraform.io/hashicorp/aws\"]",
      "instances": [
        {
          "schema_version": 0,
          "attributes": {
            "appversion_lifecycle": [],
            "arn": "arn:aws:elasticbeanstalk:eu-west-2:195275671592:application/sentiment-analysis-app",
            "description": "Application for our MLOps sentiment analysis model",
            "id": "sentiment-analysis-app",
            "name": "sentiment-analysis-app",
            "tags": {
              "Project": "Sentiment Analysis"
            },
            "tags_all": {
              "Project": "Sentiment Analysis"
            }
          },
          "sensitive_attributes": [],
          "private": "bnVsbA=="
        }
      ]
    },
    {
      "mode": "managed",
      "type": "aws_elastic_beanstalk_environment",
      "name": "sentiment_env",
      "provider": "provider[\"registry.terraform.io/hashicorp/aws\"]",
      "instances": [
        {
          "status": "tainted",
          "schema_version": 1,
          "attributes": {
            "all_settings": [],
            "application": "sentiment-analysis-app",
            "arn": null,
            "autoscaling_groups": null,
            "cname": null,
            "cname_prefix": null,
            "description": null,
            "endpoint_url": null,
            "id": "e-pgbzpb3jab",
            "instances": null,
            "launch_configurations": null,
            "load_balancers": null,
            "name": "sentiment-prod-env",
            "platform_arn": null,
            "poll_interval": null,
            "queues": null,
            "setting": [
              {
                "name": "EnvironmentType",
                "namespace": "aws:elasticbeanstalk:environment",
                "resource": "",
                "value": "SingleInstance"
              },
              {
                "name": "InstanceType",
                "namespace": "aws:autoscaling:launchconfiguration",
                "resource": "",
                "value": "t2.micro"
              }
            ],
            "solution_stack_name": "64bit Amazon Linux 2 v4.3.4 running Docker",
            "tags": {
              "Project": "Sentiment Analysis"
            },
            "tags_all": {
              "Project": "Sentiment Analysis"
            },
            "template_name": null,
            "tier": "WebServer",
            "triggers": null,
            "version_label": null,
            "wait_for_ready_timeout": "20m"
          },
          "sensitive_attributes": [],
          "private": "eyJzY2hlbWFfdmVyc2lvbiI6IjEifQ==",
          "dependencies": [
            "aws_elastic_beanstalk_application.sentiment_app",
            "data.aws_elastic_beanstalk_solution_stack.docker_stack"
          ]
        }
      ]
    }
  ],
  "check_results": null
}
